
Microsoft Visual Studio Solution File, Format Version 12.00
# Visual Studio Version 17
VisualStudioVersion = 17.14.36623.8
MinimumVisualStudioVersion = 10.0.40219.1
Project("{FAE04EC0-301F-11D3-BF4B-00C04F79EFBC}") = "HRSAPI", "HRSAPI.csproj", "{E254F16D-8AC0-4280-BA21-5914061F1D2E}"
EndProject
Project("{FAE04EC0-301F-11D3-BF4B-00C04F79EFBC}") = "HRS-SmartBooking", "..\HRS-SmartBooking\HRS-SmartBooking.csproj", "{53A3062A-E2E3-490E-95F9-C0712360C99F}"
EndProject
Global
	GlobalSection(SolutionConfigurationPlatforms) = preSolution
		Debug|Any CPU = Debug|Any CPU
		Debug|x64 = Debug|x64
		Debug|x86 = Debug|x86
		Release|Any CPU = Release|Any CPU
		Release|x64 = Release|x64
		Release|x86 = Release|x86
	EndGlobalSection
	GlobalSection(ProjectConfigurationPlatforms) = postSolution
		{E254F16D-8AC0-4280-BA21-5914061F1D2E}.Debug|Any CPU.ActiveCfg = Debug|Any CPU
		{E254F16D-8AC0-4280-BA21-5914061F1D2E}.Debug|Any CPU.Build.0 = Debug|Any CPU
		{E254F16D-8AC0-4280-BA21-5914061F1D2E}.Debug|x64.ActiveCfg = Debug|Any CPU
		{E254F16D-8AC0-4280-BA21-5914061F1D2E}.Debug|x64.Build.0 = Debug|Any CPU
		{E254F16D-8AC0-4280-BA21-5914061F1D2E}.Debug|x86.ActiveCfg = Debug|Any CPU
		{E254F16D-8AC0-4280-BA21-5914061F1D2E}.Debug|x86.Build.0 = Debug|Any CPU
		{E254F16D-8AC0-4280-BA21-5914061F1D2E}.Release|Any CPU.ActiveCfg = Release|Any CPU
		{E254F16D-8AC0-4280-BA21-5914061F1D2E}.Release|Any CPU.Build.0 = Release|Any CPU
		{E254F16D-8AC0-4280-BA21-5914061F1D2E}.Release|x64.ActiveCfg = Release|Any CPU
		{E254F16D-8AC0-4280-BA21-5914061F1D2E}.Release|x64.Build.0 = Release|Any CPU
		{E254F16D-8AC0-4280-BA21-5914061F1D2E}.Release|x86.ActiveCfg = Release|Any CPU
		{E254F16D-8AC0-4280-BA21-5914061F1D2E}.Release|x86.Build.0 = Release|Any CPU
		{53A3062A-E2E3-490E-95F9-C0712360C99F}.Debug|Any CPU.ActiveCfg = Debug|Any CPU
		{53A3062A-E2E3-490E-95F9-C0712360C99F}.Debug|Any CPU.Build.0 = Debug|Any CPU
		{53A3062A-E2E3-490E-95F9-C0712360C99F}.Debug|x64.ActiveCfg = Debug|Any CPU
		{53A3062A-E2E3-490E-95F9-C0712360C99F}.Debug|x64.Build.0 = Debug|Any CPU
		{53A3062A-E2E3-490E-95F9-C0712360C99F}.Debug|x86.ActiveCfg = Debug|Any CPU
		{53A3062A-E2E3-490E-95F9-C0712360C99F}.Debug|x86.Build.0 = Debug|Any CPU
		{53A3062A-E2E3-490E-95F9-C0712360C99F}.Release|Any CPU.ActiveCfg = Release|Any CPU
		{53A3062A-E2E3-490E-95F9-C0712360C99F}.Release|Any CPU.Build.0 = Release|Any CPU
		{53A3062A-E2E3-490E-95F9-C0712360C99F}.Release|x64.ActiveCfg = Release|Any CPU
		{53A3062A-E2E3-490E-95F9-C0712360C99F}.Release|x64.Build.0 = Release|Any CPU
		{53A3062A-E2E3-490E-95F9-C0712360C99F}.Release|x86.ActiveCfg = Release|Any CPU
		{53A3062A-E2E3-490E-95F9-C0712360C99F}.Release|x86.Build.0 = Release|Any CPU
	EndGlobalSection
	GlobalSection(SolutionProperties) = preSolution
		HideSolutionNode = FALSE
	EndGlobalSection
	GlobalSection(ExtensibilityGlobals) = postSolution
		SolutionGuid = {A47ECAD0-9C4A-499C-A785-72B94659D2AF}
	EndGlobalSection
EndGlobal
